{
  "requires": true,
  "lockfileVersion": 1,
  "dependencies": {
    "@angular/cdk": {
      "version": "11.0.3",
      "resolved": "https://registry.npmjs.org/@angular/cdk/-/cdk-11.0.3.tgz",
      "integrity": "sha512-hgbJXvZURKBnZawwxUrsZE/3a+HCJh2UhoLIng3cn5Q+WIW/4a37knDl8B9DYKBWrCqeINXNcUHVSKkWc/gjCA==",
      "requires": {
        "parse5": "^5.0.0",
        "tslib": "^2.0.0"
      }
    },
    "@angular/common": {
      "version": "11.0.4",
      "resolved": "https://registry.npmjs.org/@angular/common/-/common-11.0.4.tgz",
      "integrity": "sha512-4R2ALj71J6EAHVCKNnHHCKL7wcosMsv3gcMXbMTE+Wpzo3khEhM0Tej+I1qmMbVmGXVlRb//4+rjE4gff6FvQw==",
      "requires": {
        "tslib": "^2.0.0"
      }
    },
    "@angular/core": {
      "version": "11.0.4",
      "resolved": "https://registry.npmjs.org/@angular/core/-/core-11.0.4.tgz",
      "integrity": "sha512-860cTMjdCHcvEsHOsTzpg5rThxwVgtnY4yT0SgboWiphrlzX+aNoyN/cCJHxWhmOTRlrl6/+hkeRq95E2BZkKw==",
      "requires": {
        "tslib": "^2.0.0"
      }
    },
    "@angular/forms": {
      "version": "11.0.4",
      "resolved": "https://registry.npmjs.org/@angular/forms/-/forms-11.0.4.tgz",
      "integrity": "sha512-Fhfc4buwMZk0WumDvl/X7XBnOKFeTRTJrwKdi8LlhY6o1Og8H4e/f69u9iDJCF3YjU4qC6yGtPp9YpSVCPP7Ew==",
      "requires": {
        "tslib": "^2.0.0"
      }
    },
    "@angular/material": {
      "version": "11.0.3",
      "resolved": "https://registry.npmjs.org/@angular/material/-/material-11.0.3.tgz",
      "integrity": "sha512-YTHmtKGwjAEFAOOmuivcwnINMPHxvM7iZQpTgZqDKNiqiv53cwry2Ctb54suRNT+D794z59D0/r+YocGkzFv3w==",
      "requires": {
        "tslib": "^2.0.0"
      }
    },
    "@angular/platform-browser": {
      "version": "11.0.4",
      "resolved": "https://registry.npmjs.org/@angular/platform-browser/-/platform-browser-11.0.4.tgz",
      "integrity": "sha512-+uUCKJgspSghJ3R6Fk0XHA0tolbaRBi8JFS2cY+hi9s27WKB88peGvtsK6RCOPJONY6JdOuhpcZqRN8dKfPi7w==",
      "requires": {
        "tslib": "^2.0.0"
      }
    },
    "parse5": {
      "version": "5.1.1",
      "resolved": "https://registry.npmjs.org/parse5/-/parse5-5.1.1.tgz",
      "integrity": "sha512-ugq4DFI0Ptb+WWjAdOK16+u/nHfiIrcE+sh8kZMaM0WllQKLI9rOUq6c2b7cwPkXdzfQESqvoqK6ug7U/Yyzug=="
    },
    "tslib": {
      "version": "2.0.3",
      "resolved": "https://registry.npmjs.org/tslib/-/tslib-2.0.3.tgz",
      "integrity": "sha512-uZtkfKblCEQtZKBF6EBXVZeQNl82yqtDQdv+eck8u7tdPxjLu2/lp5/uPW+um2tpuxINHWy3GhiccY7QgEaVHQ=="
    }
  }
}
